{
  "version": 4,
  "terraform_version": "1.12.2",
  "serial": 22,
  "lineage": "54d07370-6abb-aaad-69fc-09e9d1ac5e3e",
  "outputs": {
    "config_map_aws_auth": {
      "value": "\r\n\r\napiVersion: v1\r\nkind: ConfigMap\r\nmetadata:\r\n  name: aws-auth\r\n  namespace: kube-system\r\ndata:\r\n  mapRoles: |\r\n    - rolearn: arn:aws:iam::050752609092:role/tsp-cluster-node\r\n      username: system:node:{{EC2PrivateDNSName}}\r\n      groups:\r\n        - system:bootstrappers\r\n        - system:nodes\r\n",
      "type": "string"
    },
    "kubeconfig": {
      "value": "\r\n\r\napiVersion: v1\r\nclusters:\r\n- cluster:\r\n    server: https://BEDCE8905A43417ADD44FA8916F33DF5.sk1.ca-central-1.eks.amazonaws.com\r\n    certificate-authority-data: LS0tLS1CRUdJTiBDRVJUSUZJQ0FURS0tLS0tCk1JSURCVENDQWUyZ0F3SUJBZ0lJQzBUQ0UyV3o2VVV3RFFZSktvWklodmNOQVFFTEJRQXdGVEVUTUJFR0ExVUUKQXhNS2EzVmlaWEp1WlhSbGN6QWVGdzB5TlRBMk1UY3dNakExTVRaYUZ3MHpOVEEyTVRVd01qRXdNVFphTUJVeApFekFSQmdOVkJBTVRDbXQxWW1WeWJtVjBaWE13Z2dFaU1BMEdDU3FHU0liM0RRRUJBUVVBQTRJQkR3QXdnZ0VLCkFvSUJBUUMvNXFBRllSK09mN2NsaHNWdU1IbTcwRWhaanpjOTNndzJwMFlRNzNTKzRGSFZtQmVQdU5VVDdxaDcKU2E3YUpTT1hBRmhVLzVmOTlxRW9OZGwzaWFaUStpODUwTnl5NVlwYUtQUS9aWGE2eDd0NTBsbFBYa1Y5d0NaOQpmSmh4b0VoSnkzMUkvRGRHRnVTa1lkMUhXTEsxSU9WNWNQQVpYUmZ6cGpLN05FNWtveW1BZCs5d2UzSmFFNlNDCm84M2k1TURtM2NCRmM2OFRnVkdNd1JBR05IdGl6UEgyWlZOdW0yMno1eHRPd1MzUmJzOFZnamJ5QTdMeURyMFEKbkxqL0pzV2FqSkxtaEQ2SUo4ODRDajEraDZvUnpncHYzUlRDVk11OHRTakJTMGxlcUtpckQ4Skh6MHZiQ0ZVMQpSMVNzaUUyZHgraGF4WGNQU0hySGd1RkpCbHREQWdNQkFBR2pXVEJYTUE0R0ExVWREd0VCL3dRRUF3SUNwREFQCkJnTlZIUk1CQWY4RUJUQURBUUgvTUIwR0ExVWREZ1FXQkJSSjZZZ0lmaEQ3OEF5OTZ4Ti9XWkRHaWExL0VEQVYKQmdOVkhSRUVEakFNZ2dwcmRXSmxjbTVsZEdWek1BMEdDU3FHU0liM0RRRUJDd1VBQTRJQkFRQlh3UzkrNTNtcAo3ZTNLdFhYOXNBQkxtNE96a1FXTEw2cGFKWjhYMndvRi9HOEpXbmhOcnU5MmpnUmVNZXhGY29mKzhyNlVUbGRpCkFaWEFTNU9jaDhIQVQ1VFlLbUpjUVJVVjZqeFVHd045Tis0Mi9uYmNMWTVrUFRjMDlrL3gvUTA4cGVoZ2RiWm4KYUoyS2UwZ0I4RHlocXRPS1BpMUNjNGVGTXFuSFJYU2NmZlo2MWhtVkY4ZktUcERwTWE1V0FKTW5zZHhrbkNkRQpuNGl2cW1PTlBzdmNVQnpVZXNESDc3WHFuTk5jV0tWMzllRWI4N2NIV1hEaGIvVlA3a3JvZjZ1U1VtTDZ6V1lFCm5CV1F4SC90MlFRNkhHM2o3VmhaRDBEd21QM1laMzBGUjR0cnNaQ1MxRENyOWtXVGhPSnBWOWd4K2FFdmozT2MKS1VFK3gvZGd2U3dWCi0tLS0tRU5EIENFUlRJRklDQVRFLS0tLS0K\r\n  name: kubernetes\r\ncontexts:\r\n- context:\r\n    cluster: kubernetes\r\n    user: aws\r\n  name: aws\r\ncurrent-context: aws\r\nkind: Config\r\npreferences: {}\r\nusers:\r\n- name: aws\r\n  user:\r\n    exec:\r\n      apiVersion: client.authentication.k8s.io/v1beta1\r\n      command: aws-iam-authenticator\r\n      args:\r\n        - \"token\"\r\n        - \"-i\"\r\n        - \"tsp-cluster\"\r\n",
      "type": "string"
    }
  },
  "resources": [
    {
      "mode": "data",
      "type": "aws_availability_zones",
      "name": "available",
      "provider": "provider[\"registry.terraform.io/hashicorp/aws\"]",
      "instances": [
        {
          "schema_version": 0,
          "attributes": {
            "all_availability_zones": null,
            "exclude_names": null,
            "exclude_zone_ids": null,
            "filter": null,
            "group_names": [
              "ca-central-1-zg-1"
            ],
            "id": "ca-central-1",
            "names": [
              "ca-central-1a",
              "ca-central-1b",
              "ca-central-1d"
            ],
            "state": null,
            "timeouts": null,
            "zone_ids": [
              "cac1-az1",
              "cac1-az2",
              "cac1-az4"
            ]
          },
          "sensitive_attributes": [],
          "identity_schema_version": 0
        }
      ]
    },
    {
      "mode": "data",
      "type": "aws_iam_policy_document",
      "name": "worker_autoscaling",
      "provider": "provider[\"registry.terraform.io/hashicorp/aws\"]",
      "instances": [
        {
          "schema_version": 0,
          "attributes": {
            "id": "1684609703",
            "json": "{\n  \"Version\": \"2012-10-17\",\n  \"Statement\": [\n    {\n      \"Sid\": \"eksWorkerAutoscalingAll\",\n      \"Effect\": \"Allow\",\n      \"Action\": [\n        \"ec2:DescribeLaunchTemplateVersions\",\n        \"autoscaling:DescribeTags\",\n        \"autoscaling:DescribeLaunchConfigurations\",\n        \"autoscaling:DescribeAutoScalingInstances\",\n        \"autoscaling:DescribeAutoScalingGroups\"\n      ],\n      \"Resource\": \"*\"\n    },\n    {\n      \"Sid\": \"eksWorkerAutoscalingOwn\",\n      \"Effect\": \"Allow\",\n      \"Action\": [\n        \"autoscaling:UpdateAutoScalingGroup\",\n        \"autoscaling:TerminateInstanceInAutoScalingGroup\",\n        \"autoscaling:SetDesiredCapacity\"\n      ],\n      \"Resource\": \"*\",\n      \"Condition\": {\n        \"StringEquals\": {\n          \"autoscaling:ResourceTag/k8s.io/cluster-autoscaler/enabled\": \"true\",\n          \"autoscaling:ResourceTag/kubernetes.io/cluster/tsp-cluster\": \"owned\"\n        }\n      }\n    }\n  ]\n}",
            "minified_json": "{\"Version\":\"2012-10-17\",\"Statement\":[{\"Sid\":\"eksWorkerAutoscalingAll\",\"Effect\":\"Allow\",\"Action\":[\"ec2:DescribeLaunchTemplateVersions\",\"autoscaling:DescribeTags\",\"autoscaling:DescribeLaunchConfigurations\",\"autoscaling:DescribeAutoScalingInstances\",\"autoscaling:DescribeAutoScalingGroups\"],\"Resource\":\"*\"},{\"Sid\":\"eksWorkerAutoscalingOwn\",\"Effect\":\"Allow\",\"Action\":[\"autoscaling:UpdateAutoScalingGroup\",\"autoscaling:TerminateInstanceInAutoScalingGroup\",\"autoscaling:SetDesiredCapacity\"],\"Resource\":\"*\",\"Condition\":{\"StringEquals\":{\"autoscaling:ResourceTag/k8s.io/cluster-autoscaler/enabled\":\"true\",\"autoscaling:ResourceTag/kubernetes.io/cluster/tsp-cluster\":\"owned\"}}}]}",
            "override_json": null,
            "override_policy_documents": null,
            "policy_id": null,
            "source_json": null,
            "source_policy_documents": null,
            "statement": [
              {
                "actions": [
                  "autoscaling:DescribeAutoScalingGroups",
                  "autoscaling:DescribeAutoScalingInstances",
                  "autoscaling:DescribeLaunchConfigurations",
                  "autoscaling:DescribeTags",
                  "ec2:DescribeLaunchTemplateVersions"
                ],
                "condition": [],
                "effect": "Allow",
                "not_actions": [],
                "not_principals": [],
                "not_resources": [],
                "principals": [],
                "resources": [
                  "*"
                ],
                "sid": "eksWorkerAutoscalingAll"
              },
              {
                "actions": [
                  "autoscaling:SetDesiredCapacity",
                  "autoscaling:TerminateInstanceInAutoScalingGroup",
                  "autoscaling:UpdateAutoScalingGroup"
                ],
                "condition": [
                  {
                    "test": "StringEquals",
                    "values": [
                      "owned"
                    ],
                    "variable": "autoscaling:ResourceTag/kubernetes.io/cluster/tsp-cluster"
                  },
                  {
                    "test": "StringEquals",
                    "values": [
                      "true"
                    ],
                    "variable": "autoscaling:ResourceTag/k8s.io/cluster-autoscaler/enabled"
                  }
                ],
                "effect": "Allow",
                "not_actions": [],
                "not_principals": [],
                "not_resources": [],
                "principals": [],
                "resources": [
                  "*"
                ],
                "sid": "eksWorkerAutoscalingOwn"
              }
            ],
            "version": "2012-10-17"
          },
          "sensitive_attributes": [],
          "identity_schema_version": 0
        }
      ]
    },
    {
      "mode": "data",
      "type": "aws_region",
      "name": "current",
      "provider": "provider[\"registry.terraform.io/hashicorp/aws\"]",
      "instances": [
        {
          "schema_version": 0,
          "attributes": {
            "description": "Canada (Central)",
            "endpoint": "ec2.ca-central-1.amazonaws.com",
            "id": "ca-central-1",
            "name": "ca-central-1"
          },
          "sensitive_attributes": [],
          "identity_schema_version": 0
        }
      ]
    },
    {
      "mode": "data",
      "type": "http",
      "name": "workstation-external-ip",
      "provider": "provider[\"registry.terraform.io/hashicorp/http\"]",
      "instances": [
        {
          "schema_version": 0,
          "attributes": {
            "body": "15.222.12.240\n",
            "ca_cert_pem": null,
            "client_cert_pem": null,
            "client_key_pem": null,
            "id": "http://ipv4.icanhazip.com",
            "insecure": null,
            "method": null,
            "request_body": null,
            "request_headers": null,
            "request_timeout_ms": null,
            "response_body": "15.222.12.240\n",
            "response_body_base64": "MTUuMjIyLjEyLjI0MAo=",
            "response_headers": {
              "Access-Control-Allow-Methods": "GET",
              "Access-Control-Allow-Origin": "*",
              "Alt-Svc": "h3=\":443\"; ma=86400",
              "Cf-Ray": "950efbff49fba2ec-YUL",
              "Connection": "keep-alive",
              "Content-Length": "14",
              "Content-Type": "text/plain",
              "Date": "Tue, 17 Jun 2025 02:05:51 GMT",
              "Server": "cloudflare",
              "Set-Cookie": "__cf_bm=sBH2xG00d94cNxW03TGJlediO9BOWicIj1eQHlAVT8k-1750125951-1.0.1.1-JdIfP0imm9163ezC_WG7AQfJ3ElgA.EDYKg9Vdt77QilX2OmyKSCmIrlX6waaSUnp5y3sM6VmP8YhTxiC2aK1l_oxxtJnh_ppwNE663O6Y0; path=/; expires=Tue, 17-Jun-25 02:35:51 GMT; domain=.icanhazip.com; HttpOnly",
              "Vary": "Accept-Encoding"
            },
            "retry": null,
            "status_code": 200,
            "url": "http://ipv4.icanhazip.com"
          },
          "sensitive_attributes": [],
          "identity_schema_version": 0
        }
      ]
    },
    {
      "mode": "managed",
      "type": "aws_eks_cluster",
      "name": "tsp-cluster",
      "provider": "provider[\"registry.terraform.io/hashicorp/aws\"]",
      "instances": [
        {
          "schema_version": 1,
          "attributes": {
            "access_config": [
              {
                "authentication_mode": "CONFIG_MAP",
                "bootstrap_cluster_creator_admin_permissions": true
              }
            ],
            "arn": "arn:aws:eks:ca-central-1:050752609092:cluster/tsp-cluster",
            "bootstrap_self_managed_addons": true,
            "certificate_authority": [
              {
                "data": "LS0tLS1CRUdJTiBDRVJUSUZJQ0FURS0tLS0tCk1JSURCVENDQWUyZ0F3SUJBZ0lJQzBUQ0UyV3o2VVV3RFFZSktvWklodmNOQVFFTEJRQXdGVEVUTUJFR0ExVUUKQXhNS2EzVmlaWEp1WlhSbGN6QWVGdzB5TlRBMk1UY3dNakExTVRaYUZ3MHpOVEEyTVRVd01qRXdNVFphTUJVeApFekFSQmdOVkJBTVRDbXQxWW1WeWJtVjBaWE13Z2dFaU1BMEdDU3FHU0liM0RRRUJBUVVBQTRJQkR3QXdnZ0VLCkFvSUJBUUMvNXFBRllSK09mN2NsaHNWdU1IbTcwRWhaanpjOTNndzJwMFlRNzNTKzRGSFZtQmVQdU5VVDdxaDcKU2E3YUpTT1hBRmhVLzVmOTlxRW9OZGwzaWFaUStpODUwTnl5NVlwYUtQUS9aWGE2eDd0NTBsbFBYa1Y5d0NaOQpmSmh4b0VoSnkzMUkvRGRHRnVTa1lkMUhXTEsxSU9WNWNQQVpYUmZ6cGpLN05FNWtveW1BZCs5d2UzSmFFNlNDCm84M2k1TURtM2NCRmM2OFRnVkdNd1JBR05IdGl6UEgyWlZOdW0yMno1eHRPd1MzUmJzOFZnamJ5QTdMeURyMFEKbkxqL0pzV2FqSkxtaEQ2SUo4ODRDajEraDZvUnpncHYzUlRDVk11OHRTakJTMGxlcUtpckQ4Skh6MHZiQ0ZVMQpSMVNzaUUyZHgraGF4WGNQU0hySGd1RkpCbHREQWdNQkFBR2pXVEJYTUE0R0ExVWREd0VCL3dRRUF3SUNwREFQCkJnTlZIUk1CQWY4RUJUQURBUUgvTUIwR0ExVWREZ1FXQkJSSjZZZ0lmaEQ3OEF5OTZ4Ti9XWkRHaWExL0VEQVYKQmdOVkhSRUVEakFNZ2dwcmRXSmxjbTVsZEdWek1BMEdDU3FHU0liM0RRRUJDd1VBQTRJQkFRQlh3UzkrNTNtcAo3ZTNLdFhYOXNBQkxtNE96a1FXTEw2cGFKWjhYMndvRi9HOEpXbmhOcnU5MmpnUmVNZXhGY29mKzhyNlVUbGRpCkFaWEFTNU9jaDhIQVQ1VFlLbUpjUVJVVjZqeFVHd045Tis0Mi9uYmNMWTVrUFRjMDlrL3gvUTA4cGVoZ2RiWm4KYUoyS2UwZ0I4RHlocXRPS1BpMUNjNGVGTXFuSFJYU2NmZlo2MWhtVkY4ZktUcERwTWE1V0FKTW5zZHhrbkNkRQpuNGl2cW1PTlBzdmNVQnpVZXNESDc3WHFuTk5jV0tWMzllRWI4N2NIV1hEaGIvVlA3a3JvZjZ1U1VtTDZ6V1lFCm5CV1F4SC90MlFRNkhHM2o3VmhaRDBEd21QM1laMzBGUjR0cnNaQ1MxRENyOWtXVGhPSnBWOWd4K2FFdmozT2MKS1VFK3gvZGd2U3dWCi0tLS0tRU5EIENFUlRJRklDQVRFLS0tLS0K"
              }
            ],
            "cluster_id": null,
            "compute_config": [],
            "created_at": "2025-06-17T02:06:12Z",
            "enabled_cluster_log_types": null,
            "encryption_config": [],
            "endpoint": "https://BEDCE8905A43417ADD44FA8916F33DF5.sk1.ca-central-1.eks.amazonaws.com",
            "force_update_version": null,
            "id": "tsp-cluster",
            "identity": [
              {
                "oidc": [
                  {
                    "issuer": "https://oidc.eks.ca-central-1.amazonaws.com/id/BEDCE8905A43417ADD44FA8916F33DF5"
                  }
                ]
              }
            ],
            "kubernetes_network_config": [
              {
                "elastic_load_balancing": [
                  {
                    "enabled": false
                  }
                ],
                "ip_family": "ipv4",
                "service_ipv4_cidr": "172.20.0.0/16",
                "service_ipv6_cidr": ""
              }
            ],
            "name": "tsp-cluster",
            "outpost_config": [],
            "platform_version": "eks.12",
            "remote_network_config": [],
            "role_arn": "arn:aws:iam::050752609092:role/tsp-cluster",
            "status": "ACTIVE",
            "storage_config": [],
            "tags": null,
            "tags_all": {},
            "timeouts": null,
            "upgrade_policy": [
              {
                "support_type": "EXTENDED"
              }
            ],
            "version": "1.32",
            "vpc_config": [
              {
                "cluster_security_group_id": "sg-00775d216b7e46b08",
                "endpoint_private_access": false,
                "endpoint_public_access": true,
                "public_access_cidrs": [
                  "0.0.0.0/0"
                ],
                "security_group_ids": [
                  "sg-0a4fb24aca5513ff1"
                ],
                "subnet_ids": [
                  "subnet-046718adfb184162a",
                  "subnet-0f44f959784f56786"
                ],
                "vpc_id": "vpc-023a19b83500bd2e3"
              }
            ],
            "zonal_shift_config": []
          },
          "sensitive_attributes": [],
          "identity_schema_version": 0,
          "private": "eyJlMmJmYjczMC1lY2FhLTExZTYtOGY4OC0zNDM2M2JjN2M0YzAiOnsiY3JlYXRlIjoxODAwMDAwMDAwMDAwLCJkZWxldGUiOjkwMDAwMDAwMDAwMCwidXBkYXRlIjozNjAwMDAwMDAwMDAwfSwic2NoZW1hX3ZlcnNpb24iOiIxIn0=",
          "dependencies": [
            "aws_iam_role.tsp-cluster",
            "aws_iam_role_policy_attachment.tsp-cluster-AmazonEKSClusterPolicy",
            "aws_iam_role_policy_attachment.tsp-cluster-AmazonEKSServicePolicy",
            "aws_security_group.tsp-cluster",
            "aws_subnet.tsp-vpc",
            "aws_vpc.tsp-vpc",
            "data.aws_availability_zones.available"
          ]
        }
      ]
    },
    {
      "mode": "managed",
      "type": "aws_eks_node_group",
      "name": "tsp-cluster-node-group",
      "provider": "provider[\"registry.terraform.io/hashicorp/aws\"]",
      "instances": [
        {
          "schema_version": 0,
          "attributes": {
            "ami_type": "AL2023_x86_64_STANDARD",
            "arn": "arn:aws:eks:ca-central-1:050752609092:nodegroup/tsp-cluster/tsp-cluster-node-group/c0cbbdd4-2e0e-a814-36ab-cb75cba6dd9b",
            "capacity_type": "ON_DEMAND",
            "cluster_name": "tsp-cluster",
            "disk_size": 20,
            "force_update_version": null,
            "id": "tsp-cluster:tsp-cluster-node-group",
            "instance_types": [
              "t2.medium"
            ],
            "labels": null,
            "launch_template": [],
            "node_group_name": "tsp-cluster-node-group",
            "node_group_name_prefix": "",
            "node_repair_config": [],
            "node_role_arn": "arn:aws:iam::050752609092:role/tsp-cluster-node",
            "release_version": "1.32.3-20250610",
            "remote_access": [
              {
                "ec2_ssh_key": "tspcloud",
                "source_security_group_ids": null
              }
            ],
            "resources": [
              {
                "autoscaling_groups": [
                  {
                    "name": "eks-tsp-cluster-node-group-c0cbbdd4-2e0e-a814-36ab-cb75cba6dd9b"
                  }
                ],
                "remote_access_security_group_id": "sg-0fbb882fdd4062320"
              }
            ],
            "scaling_config": [
              {
                "desired_size": 2,
                "max_size": 10,
                "min_size": 2
              }
            ],
            "status": "ACTIVE",
            "subnet_ids": [
              "subnet-046718adfb184162a",
              "subnet-0f44f959784f56786"
            ],
            "tags": null,
            "tags_all": {},
            "taint": [],
            "timeouts": null,
            "update_config": [
              {
                "max_unavailable": 1,
                "max_unavailable_percentage": 0
              }
            ],
            "version": "1.32"
          },
          "sensitive_attributes": [],
          "identity_schema_version": 0,
          "private": "eyJlMmJmYjczMC1lY2FhLTExZTYtOGY4OC0zNDM2M2JjN2M0YzAiOnsiY3JlYXRlIjozNjAwMDAwMDAwMDAwLCJkZWxldGUiOjM2MDAwMDAwMDAwMDAsInVwZGF0ZSI6MzYwMDAwMDAwMDAwMH19",
          "dependencies": [
            "aws_eks_cluster.tsp-cluster",
            "aws_iam_policy.worker_autoscaling",
            "aws_iam_role.tsp-cluster",
            "aws_iam_role.tsp-cluster-node",
            "aws_iam_role_policy_attachment.tsp-cluster-AmazonEKSClusterPolicy",
            "aws_iam_role_policy_attachment.tsp-cluster-AmazonEKSServicePolicy",
            "aws_iam_role_policy_attachment.tsp-cluster-node-AmazonEC2ContainerRegistryReadOnly",
            "aws_iam_role_policy_attachment.tsp-cluster-node-AmazonEKSWorkerNodePolicy",
            "aws_iam_role_policy_attachment.tsp-cluster-node-AmazonEKS_CNI_Policy",
            "aws_iam_role_policy_attachment.workers_autoscaling",
            "aws_security_group.tsp-cluster",
            "aws_subnet.tsp-vpc",
            "aws_vpc.tsp-vpc",
            "data.aws_availability_zones.available",
            "data.aws_iam_policy_document.worker_autoscaling"
          ]
        }
      ]
    },
    {
      "mode": "managed",
      "type": "aws_iam_policy",
      "name": "worker_autoscaling",
      "provider": "provider[\"registry.terraform.io/hashicorp/aws\"]",
      "instances": [
        {
          "schema_version": 0,
          "attributes": {
            "arn": "arn:aws:iam::050752609092:policy/eks-worker-autoscaling-tsp-cluster20250617021200300800000007",
            "attachment_count": 0,
            "description": "EKS worker node autoscaling policy for cluster tsp-cluster",
            "id": "arn:aws:iam::050752609092:policy/eks-worker-autoscaling-tsp-cluster20250617021200300800000007",
            "name": "eks-worker-autoscaling-tsp-cluster20250617021200300800000007",
            "name_prefix": "eks-worker-autoscaling-tsp-cluster",
            "path": "/",
            "policy": "{\"Statement\":[{\"Action\":[\"ec2:DescribeLaunchTemplateVersions\",\"autoscaling:DescribeTags\",\"autoscaling:DescribeLaunchConfigurations\",\"autoscaling:DescribeAutoScalingInstances\",\"autoscaling:DescribeAutoScalingGroups\"],\"Effect\":\"Allow\",\"Resource\":\"*\",\"Sid\":\"eksWorkerAutoscalingAll\"},{\"Action\":[\"autoscaling:UpdateAutoScalingGroup\",\"autoscaling:TerminateInstanceInAutoScalingGroup\",\"autoscaling:SetDesiredCapacity\"],\"Condition\":{\"StringEquals\":{\"autoscaling:ResourceTag/k8s.io/cluster-autoscaler/enabled\":\"true\",\"autoscaling:ResourceTag/kubernetes.io/cluster/tsp-cluster\":\"owned\"}},\"Effect\":\"Allow\",\"Resource\":\"*\",\"Sid\":\"eksWorkerAutoscalingOwn\"}],\"Version\":\"2012-10-17\"}",
            "policy_id": "ANPAQXUIXLNCDKPU22AAQ",
            "tags": null,
            "tags_all": {}
          },
          "sensitive_attributes": [],
          "identity_schema_version": 0,
          "private": "bnVsbA==",
          "dependencies": [
            "aws_eks_cluster.tsp-cluster",
            "aws_iam_role.tsp-cluster",
            "aws_iam_role_policy_attachment.tsp-cluster-AmazonEKSClusterPolicy",
            "aws_iam_role_policy_attachment.tsp-cluster-AmazonEKSServicePolicy",
            "aws_security_group.tsp-cluster",
            "aws_subnet.tsp-vpc",
            "aws_vpc.tsp-vpc",
            "data.aws_availability_zones.available",
            "data.aws_iam_policy_document.worker_autoscaling"
          ]
        }
      ]
    },
    {
      "mode": "managed",
      "type": "aws_iam_role",
      "name": "tsp-cluster",
      "provider": "provider[\"registry.terraform.io/hashicorp/aws\"]",
      "instances": [
        {
          "schema_version": 0,
          "attributes": {
            "arn": "arn:aws:iam::050752609092:role/tsp-cluster",
            "assume_role_policy": "{\"Statement\":[{\"Action\":\"sts:AssumeRole\",\"Effect\":\"Allow\",\"Principal\":{\"Service\":\"eks.amazonaws.com\"}}],\"Version\":\"2012-10-17\"}",
            "create_date": "2025-06-17T02:05:56Z",
            "description": "",
            "force_detach_policies": false,
            "id": "tsp-cluster",
            "inline_policy": [],
            "managed_policy_arns": [],
            "max_session_duration": 3600,
            "name": "tsp-cluster",
            "name_prefix": "",
            "path": "/",
            "permissions_boundary": "",
            "tags": null,
            "tags_all": {},
            "unique_id": "AROAQXUIXLNCHX2FL6OYA"
          },
          "sensitive_attributes": [],
          "identity_schema_version": 0,
          "private": "bnVsbA=="
        }
      ]
    },
    {
      "mode": "managed",
      "type": "aws_iam_role",
      "name": "tsp-cluster-node",
      "provider": "provider[\"registry.terraform.io/hashicorp/aws\"]",
      "instances": [
        {
          "schema_version": 0,
          "attributes": {
            "arn": "arn:aws:iam::050752609092:role/tsp-cluster-node",
            "assume_role_policy": "{\"Statement\":[{\"Action\":\"sts:AssumeRole\",\"Effect\":\"Allow\",\"Principal\":{\"Service\":\"ec2.amazonaws.com\"}}],\"Version\":\"2012-10-17\"}",
            "create_date": "2025-06-17T02:05:56Z",
            "description": "",
            "force_detach_policies": false,
            "id": "tsp-cluster-node",
            "inline_policy": [],
            "managed_policy_arns": [],
            "max_session_duration": 3600,
            "name": "tsp-cluster-node",
            "name_prefix": "",
            "path": "/",
            "permissions_boundary": "",
            "tags": null,
            "tags_all": {},
            "unique_id": "AROAQXUIXLNCNLH6JFHM7"
          },
          "sensitive_attributes": [],
          "identity_schema_version": 0,
          "private": "bnVsbA=="
        }
      ]
    },
    {
      "mode": "managed",
      "type": "aws_iam_role_policy_attachment",
      "name": "tsp-cluster-AmazonEKSClusterPolicy",
      "provider": "provider[\"registry.terraform.io/hashicorp/aws\"]",
      "instances": [
        {
          "schema_version": 0,
          "attributes": {
            "id": "tsp-cluster-20250617020556894700000005",
            "policy_arn": "arn:aws:iam::aws:policy/AmazonEKSClusterPolicy",
            "role": "tsp-cluster"
          },
          "sensitive_attributes": [],
          "identity_schema_version": 0,
          "private": "bnVsbA==",
          "dependencies": [
            "aws_iam_role.tsp-cluster"
          ]
        }
      ]
    },
    {
      "mode": "managed",
      "type": "aws_iam_role_policy_attachment",
      "name": "tsp-cluster-AmazonEKSServicePolicy",
      "provider": "provider[\"registry.terraform.io/hashicorp/aws\"]",
      "instances": [
        {
          "schema_version": 0,
          "attributes": {
            "id": "tsp-cluster-20250617020556886800000004",
            "policy_arn": "arn:aws:iam::aws:policy/AmazonEKSServicePolicy",
            "role": "tsp-cluster"
          },
          "sensitive_attributes": [],
          "identity_schema_version": 0,
          "private": "bnVsbA==",
          "dependencies": [
            "aws_iam_role.tsp-cluster"
          ]
        }
      ]
    },
    {
      "mode": "managed",
      "type": "aws_iam_role_policy_attachment",
      "name": "tsp-cluster-node-AmazonEC2ContainerRegistryReadOnly",
      "provider": "provider[\"registry.terraform.io/hashicorp/aws\"]",
      "instances": [
        {
          "schema_version": 0,
          "attributes": {
            "id": "tsp-cluster-node-20250617020556836700000002",
            "policy_arn": "arn:aws:iam::aws:policy/AmazonEC2ContainerRegistryReadOnly",
            "role": "tsp-cluster-node"
          },
          "sensitive_attributes": [],
          "identity_schema_version": 0,
          "private": "bnVsbA==",
          "dependencies": [
            "aws_iam_role.tsp-cluster-node"
          ]
        }
      ]
    },
    {
      "mode": "managed",
      "type": "aws_iam_role_policy_attachment",
      "name": "tsp-cluster-node-AmazonEKSWorkerNodePolicy",
      "provider": "provider[\"registry.terraform.io/hashicorp/aws\"]",
      "instances": [
        {
          "schema_version": 0,
          "attributes": {
            "id": "tsp-cluster-node-20250617020556867000000003",
            "policy_arn": "arn:aws:iam::aws:policy/AmazonEKSWorkerNodePolicy",
            "role": "tsp-cluster-node"
          },
          "sensitive_attributes": [],
          "identity_schema_version": 0,
          "private": "bnVsbA==",
          "dependencies": [
            "aws_iam_role.tsp-cluster-node"
          ]
        }
      ]
    },
    {
      "mode": "managed",
      "type": "aws_iam_role_policy_attachment",
      "name": "tsp-cluster-node-AmazonEKS_CNI_Policy",
      "provider": "provider[\"registry.terraform.io/hashicorp/aws\"]",
      "instances": [
        {
          "schema_version": 0,
          "attributes": {
            "id": "tsp-cluster-node-20250617020556819900000001",
            "policy_arn": "arn:aws:iam::aws:policy/AmazonEKS_CNI_Policy",
            "role": "tsp-cluster-node"
          },
          "sensitive_attributes": [],
          "identity_schema_version": 0,
          "private": "bnVsbA==",
          "dependencies": [
            "aws_iam_role.tsp-cluster-node"
          ]
        }
      ]
    },
    {
      "mode": "managed",
      "type": "aws_iam_role_policy_attachment",
      "name": "workers_autoscaling",
      "provider": "provider[\"registry.terraform.io/hashicorp/aws\"]",
      "instances": [
        {
          "schema_version": 0,
          "attributes": {
            "id": "tsp-cluster-node-20250617021200570000000008",
            "policy_arn": "arn:aws:iam::050752609092:policy/eks-worker-autoscaling-tsp-cluster20250617021200300800000007",
            "role": "tsp-cluster-node"
          },
          "sensitive_attributes": [],
          "identity_schema_version": 0,
          "private": "bnVsbA==",
          "dependencies": [
            "aws_eks_cluster.tsp-cluster",
            "aws_iam_policy.worker_autoscaling",
            "aws_iam_role.tsp-cluster",
            "aws_iam_role.tsp-cluster-node",
            "aws_iam_role_policy_attachment.tsp-cluster-AmazonEKSClusterPolicy",
            "aws_iam_role_policy_attachment.tsp-cluster-AmazonEKSServicePolicy",
            "aws_security_group.tsp-cluster",
            "aws_subnet.tsp-vpc",
            "aws_vpc.tsp-vpc",
            "data.aws_availability_zones.available",
            "data.aws_iam_policy_document.worker_autoscaling"
          ]
        }
      ]
    },
    {
      "mode": "managed",
      "type": "aws_internet_gateway",
      "name": "tsp-vpc",
      "provider": "provider[\"registry.terraform.io/hashicorp/aws\"]",
      "instances": [
        {
          "schema_version": 0,
          "attributes": {
            "arn": "arn:aws:ec2:ca-central-1:050752609092:internet-gateway/igw-014182b5b2e634583",
            "id": "igw-014182b5b2e634583",
            "owner_id": "050752609092",
            "tags": {
              "Name": "tsp-vpc"
            },
            "tags_all": {
              "Name": "tsp-vpc"
            },
            "timeouts": null,
            "vpc_id": "vpc-023a19b83500bd2e3"
          },
          "sensitive_attributes": [],
          "identity_schema_version": 0,
          "private": "eyJlMmJmYjczMC1lY2FhLTExZTYtOGY4OC0zNDM2M2JjN2M0YzAiOnsiY3JlYXRlIjoxMjAwMDAwMDAwMDAwLCJkZWxldGUiOjEyMDAwMDAwMDAwMDAsInVwZGF0ZSI6MTIwMDAwMDAwMDAwMH19",
          "dependencies": [
            "aws_vpc.tsp-vpc"
          ]
        }
      ]
    },
    {
      "mode": "managed",
      "type": "aws_route_table",
      "name": "tsp-vpc",
      "provider": "provider[\"registry.terraform.io/hashicorp/aws\"]",
      "instances": [
        {
          "schema_version": 0,
          "attributes": {
            "arn": "arn:aws:ec2:ca-central-1:050752609092:route-table/rtb-0cdd706ac92254e79",
            "id": "rtb-0cdd706ac92254e79",
            "owner_id": "050752609092",
            "propagating_vgws": [],
            "route": [
              {
                "carrier_gateway_id": "",
                "cidr_block": "0.0.0.0/0",
                "core_network_arn": "",
                "destination_prefix_list_id": "",
                "egress_only_gateway_id": "",
                "gateway_id": "igw-014182b5b2e634583",
                "ipv6_cidr_block": "",
                "local_gateway_id": "",
                "nat_gateway_id": "",
                "network_interface_id": "",
                "transit_gateway_id": "",
                "vpc_endpoint_id": "",
                "vpc_peering_connection_id": ""
              }
            ],
            "tags": null,
            "tags_all": {},
            "timeouts": null,
            "vpc_id": "vpc-023a19b83500bd2e3"
          },
          "sensitive_attributes": [],
          "identity_schema_version": 0,
          "private": "eyJlMmJmYjczMC1lY2FhLTExZTYtOGY4OC0zNDM2M2JjN2M0YzAiOnsiY3JlYXRlIjozMDAwMDAwMDAwMDAsImRlbGV0ZSI6MzAwMDAwMDAwMDAwLCJ1cGRhdGUiOjEyMDAwMDAwMDAwMH19",
          "dependencies": [
            "aws_internet_gateway.tsp-vpc",
            "aws_vpc.tsp-vpc"
          ]
        }
      ]
    },
    {
      "mode": "managed",
      "type": "aws_route_table_association",
      "name": "tsp-vpc",
      "provider": "provider[\"registry.terraform.io/hashicorp/aws\"]",
      "instances": [
        {
          "index_key": 0,
          "schema_version": 0,
          "attributes": {
            "gateway_id": "",
            "id": "rtbassoc-01847a766dc1ddd52",
            "route_table_id": "rtb-0cdd706ac92254e79",
            "subnet_id": "subnet-0f44f959784f56786",
            "timeouts": null
          },
          "sensitive_attributes": [],
          "identity_schema_version": 0,
          "private": "eyJlMmJmYjczMC1lY2FhLTExZTYtOGY4OC0zNDM2M2JjN2M0YzAiOnsiY3JlYXRlIjozMDAwMDAwMDAwMDAsImRlbGV0ZSI6MzAwMDAwMDAwMDAwLCJ1cGRhdGUiOjEyMDAwMDAwMDAwMH19",
          "dependencies": [
            "aws_internet_gateway.tsp-vpc",
            "aws_route_table.tsp-vpc",
            "aws_subnet.tsp-vpc",
            "aws_vpc.tsp-vpc",
            "data.aws_availability_zones.available"
          ]
        },
        {
          "index_key": 1,
          "schema_version": 0,
          "attributes": {
            "gateway_id": "",
            "id": "rtbassoc-0a51e6e31e143f2e5",
            "route_table_id": "rtb-0cdd706ac92254e79",
            "subnet_id": "subnet-046718adfb184162a",
            "timeouts": null
          },
          "sensitive_attributes": [],
          "identity_schema_version": 0,
          "private": "eyJlMmJmYjczMC1lY2FhLTExZTYtOGY4OC0zNDM2M2JjN2M0YzAiOnsiY3JlYXRlIjozMDAwMDAwMDAwMDAsImRlbGV0ZSI6MzAwMDAwMDAwMDAwLCJ1cGRhdGUiOjEyMDAwMDAwMDAwMH19",
          "dependencies": [
            "aws_internet_gateway.tsp-vpc",
            "aws_route_table.tsp-vpc",
            "aws_subnet.tsp-vpc",
            "aws_vpc.tsp-vpc",
            "data.aws_availability_zones.available"
          ]
        }
      ]
    },
    {
      "mode": "managed",
      "type": "aws_security_group",
      "name": "tsp-cluster",
      "provider": "provider[\"registry.terraform.io/hashicorp/aws\"]",
      "instances": [
        {
          "schema_version": 1,
          "attributes": {
            "arn": "arn:aws:ec2:ca-central-1:050752609092:security-group/sg-0a4fb24aca5513ff1",
            "description": "Cluster communication with worker nodes",
            "egress": [
              {
                "cidr_blocks": [
                  "0.0.0.0/0"
                ],
                "description": "",
                "from_port": 0,
                "ipv6_cidr_blocks": [],
                "prefix_list_ids": [],
                "protocol": "-1",
                "security_groups": [],
                "self": false,
                "to_port": 0
              }
            ],
            "id": "sg-0a4fb24aca5513ff1",
            "ingress": [],
            "name": "tsp-cluster-sg",
            "name_prefix": "",
            "owner_id": "050752609092",
            "revoke_rules_on_delete": false,
            "tags": {
              "Name": "tsp-cluster"
            },
            "tags_all": {
              "Name": "tsp-cluster"
            },
            "timeouts": null,
            "vpc_id": "vpc-023a19b83500bd2e3"
          },
          "sensitive_attributes": [],
          "identity_schema_version": 0,
          "private": "eyJlMmJmYjczMC1lY2FhLTExZTYtOGY4OC0zNDM2M2JjN2M0YzAiOnsiY3JlYXRlIjo2MDAwMDAwMDAwMDAsImRlbGV0ZSI6OTAwMDAwMDAwMDAwfSwic2NoZW1hX3ZlcnNpb24iOiIxIn0=",
          "dependencies": [
            "aws_vpc.tsp-vpc"
          ]
        }
      ]
    },
    {
      "mode": "managed",
      "type": "aws_security_group_rule",
      "name": "tsp-cluster-ingress-workstation-https",
      "provider": "provider[\"registry.terraform.io/hashicorp/aws\"]",
      "instances": [
        {
          "schema_version": 2,
          "attributes": {
            "cidr_blocks": [
              "15.222.12.240/32"
            ],
            "description": "Allow workstation to communicate with the cluster API Server",
            "from_port": 443,
            "id": "sgrule-1100794906",
            "ipv6_cidr_blocks": null,
            "prefix_list_ids": null,
            "protocol": "tcp",
            "security_group_id": "sg-0a4fb24aca5513ff1",
            "security_group_rule_id": "sgr-04468a3e6ccac2de7",
            "self": false,
            "source_security_group_id": null,
            "timeouts": null,
            "to_port": 443,
            "type": "ingress"
          },
          "sensitive_attributes": [],
          "identity_schema_version": 0,
          "private": "eyJlMmJmYjczMC1lY2FhLTExZTYtOGY4OC0zNDM2M2JjN2M0YzAiOnsiY3JlYXRlIjozMDAwMDAwMDAwMDB9LCJzY2hlbWFfdmVyc2lvbiI6IjIifQ==",
          "dependencies": [
            "aws_security_group.tsp-cluster",
            "aws_vpc.tsp-vpc",
            "data.http.workstation-external-ip"
          ]
        }
      ]
    },
    {
      "mode": "managed",
      "type": "aws_subnet",
      "name": "tsp-vpc",
      "provider": "provider[\"registry.terraform.io/hashicorp/aws\"]",
      "instances": [
        {
          "index_key": 0,
          "schema_version": 1,
          "attributes": {
            "arn": "arn:aws:ec2:ca-central-1:050752609092:subnet/subnet-0f44f959784f56786",
            "assign_ipv6_address_on_creation": false,
            "availability_zone": "ca-central-1a",
            "availability_zone_id": "cac1-az1",
            "cidr_block": "10.0.0.0/24",
            "customer_owned_ipv4_pool": "",
            "enable_dns64": false,
            "enable_lni_at_device_index": 0,
            "enable_resource_name_dns_a_record_on_launch": false,
            "enable_resource_name_dns_aaaa_record_on_launch": false,
            "id": "subnet-0f44f959784f56786",
            "ipv6_cidr_block": "",
            "ipv6_cidr_block_association_id": "",
            "ipv6_native": false,
            "map_customer_owned_ip_on_launch": false,
            "map_public_ip_on_launch": true,
            "outpost_arn": "",
            "owner_id": "050752609092",
            "private_dns_hostname_type_on_launch": "ip-name",
            "tags": {
              "Name": "tsp-eks-node",
              "kubernetes.io/cluster/tsp-cluster": "shared"
            },
            "tags_all": {
              "Name": "tsp-eks-node",
              "kubernetes.io/cluster/tsp-cluster": "shared"
            },
            "timeouts": null,
            "vpc_id": "vpc-023a19b83500bd2e3"
          },
          "sensitive_attributes": [],
          "identity_schema_version": 0,
          "private": "eyJlMmJmYjczMC1lY2FhLTExZTYtOGY4OC0zNDM2M2JjN2M0YzAiOnsiY3JlYXRlIjo2MDAwMDAwMDAwMDAsImRlbGV0ZSI6MTIwMDAwMDAwMDAwMH0sInNjaGVtYV92ZXJzaW9uIjoiMSJ9",
          "dependencies": [
            "aws_vpc.tsp-vpc",
            "data.aws_availability_zones.available"
          ]
        },
        {
          "index_key": 1,
          "schema_version": 1,
          "attributes": {
            "arn": "arn:aws:ec2:ca-central-1:050752609092:subnet/subnet-046718adfb184162a",
            "assign_ipv6_address_on_creation": false,
            "availability_zone": "ca-central-1b",
            "availability_zone_id": "cac1-az2",
            "cidr_block": "10.0.1.0/24",
            "customer_owned_ipv4_pool": "",
            "enable_dns64": false,
            "enable_lni_at_device_index": 0,
            "enable_resource_name_dns_a_record_on_launch": false,
            "enable_resource_name_dns_aaaa_record_on_launch": false,
            "id": "subnet-046718adfb184162a",
            "ipv6_cidr_block": "",
            "ipv6_cidr_block_association_id": "",
            "ipv6_native": false,
            "map_customer_owned_ip_on_launch": false,
            "map_public_ip_on_launch": true,
            "outpost_arn": "",
            "owner_id": "050752609092",
            "private_dns_hostname_type_on_launch": "ip-name",
            "tags": {
              "Name": "tsp-eks-node",
              "kubernetes.io/cluster/tsp-cluster": "shared"
            },
            "tags_all": {
              "Name": "tsp-eks-node",
              "kubernetes.io/cluster/tsp-cluster": "shared"
            },
            "timeouts": null,
            "vpc_id": "vpc-023a19b83500bd2e3"
          },
          "sensitive_attributes": [],
          "identity_schema_version": 0,
          "private": "eyJlMmJmYjczMC1lY2FhLTExZTYtOGY4OC0zNDM2M2JjN2M0YzAiOnsiY3JlYXRlIjo2MDAwMDAwMDAwMDAsImRlbGV0ZSI6MTIwMDAwMDAwMDAwMH0sInNjaGVtYV92ZXJzaW9uIjoiMSJ9",
          "dependencies": [
            "aws_vpc.tsp-vpc",
            "data.aws_availability_zones.available"
          ]
        }
      ]
    },
    {
      "mode": "managed",
      "type": "aws_vpc",
      "name": "tsp-vpc",
      "provider": "provider[\"registry.terraform.io/hashicorp/aws\"]",
      "instances": [
        {
          "schema_version": 1,
          "attributes": {
            "arn": "arn:aws:ec2:ca-central-1:050752609092:vpc/vpc-023a19b83500bd2e3",
            "assign_generated_ipv6_cidr_block": false,
            "cidr_block": "10.0.0.0/16",
            "default_network_acl_id": "acl-03b55c2f00e70e48a",
            "default_route_table_id": "rtb-038654724c80b5455",
            "default_security_group_id": "sg-014e33ef7b4e39fe6",
            "dhcp_options_id": "dopt-0ad1fa413ba44bc18",
            "enable_dns_hostnames": false,
            "enable_dns_support": true,
            "enable_network_address_usage_metrics": false,
            "id": "vpc-023a19b83500bd2e3",
            "instance_tenancy": "default",
            "ipv4_ipam_pool_id": null,
            "ipv4_netmask_length": null,
            "ipv6_association_id": "",
            "ipv6_cidr_block": "",
            "ipv6_cidr_block_network_border_group": "",
            "ipv6_ipam_pool_id": "",
            "ipv6_netmask_length": 0,
            "main_route_table_id": "rtb-038654724c80b5455",
            "owner_id": "050752609092",
            "tags": {
              "Name": "tsp-eks-node",
              "kubernetes.io/cluster/tsp-cluster": "shared"
            },
            "tags_all": {
              "Name": "tsp-eks-node",
              "kubernetes.io/cluster/tsp-cluster": "shared"
            }
          },
          "sensitive_attributes": [],
          "identity_schema_version": 0,
          "private": "eyJzY2hlbWFfdmVyc2lvbiI6IjEifQ=="
        }
      ]
    }
  ],
  "check_results": null
}
