{
  "version": 4,
  "terraform_version": "1.12.2",
  "serial": 22,
  "lineage": "5e71e432-7934-ad60-2636-1e44af444a8c",
  "outputs": {
    "config_map_aws_auth": {
      "value": "\r\n\r\napiVersion: v1\r\nkind: ConfigMap\r\nmetadata:\r\n  name: aws-auth\r\n  namespace: kube-system\r\ndata:\r\n  mapRoles: |\r\n    - rolearn: arn:aws:iam::050752609092:role/tsp-cluster-node\r\n      username: system:node:{{EC2PrivateDNSName}}\r\n      groups:\r\n        - system:bootstrappers\r\n        - system:nodes\r\n",
      "type": "string"
    },
    "kubeconfig": {
      "value": "\r\n\r\napiVersion: v1\r\nclusters:\r\n- cluster:\r\n    server: https://732C3CF22A4B85605009C011D7E3A92B.gr7.ca-central-1.eks.amazonaws.com\r\n    certificate-authority-data: LS0tLS1CRUdJTiBDRVJUSUZJQ0FURS0tLS0tCk1JSURCVENDQWUyZ0F3SUJBZ0lJRUJyVFlVeWhGOUF3RFFZSktvWklodmNOQVFFTEJRQXdGVEVUTUJFR0ExVUUKQXhNS2EzVmlaWEp1WlhSbGN6QWVGdzB5TlRBMk1UWXdNVFF6TURCYUZ3MHpOVEEyTVRRd01UUTRNREJhTUJVeApFekFSQmdOVkJBTVRDbXQxWW1WeWJtVjBaWE13Z2dFaU1BMEdDU3FHU0liM0RRRUJBUVVBQTRJQkR3QXdnZ0VLCkFvSUJBUUNjTHducmJGK0ZCWmFRNHU5T1FmV3F4S2xNb3F6SWh0aDlGZ3N4aGZzNlNjR0s1dTZIUzI3RVdLWTUKZ3ZobFh0RXRtckllS2duL2xNZ2VBWTB4b3dWQWcyQkd3S2czQS9heEl1WGNrOW0rUGZ0cWpYR3N3djV0azVTTgpUcXB0R2dtNU05ZUJLYTNZamNubzJLNWdzVDl3TGpwWVhjWENiZWFvdVpHQlpJOEVRK3hsQm90Q2pSMkVRK0pTCjR1MmVPOGRJLzlMU2J4MlljOWNzKzB5QTBaZlNYMi9HTFhScGtBanNTZHdiWVl0MjlFbHVnSGhlZFQ4WldSWFIKb1RPOGlGNDJlQjk4VExKc09KTEg2MmljV1V5ZE1uWU1LeVhnK1lxM2lNaEc1a0pZV1pjeDJOaFRiS3ZoSWNTeQpvWW9HYkYwa1NnOENiY3FVaWVndVRRZ1NaNkM3QWdNQkFBR2pXVEJYTUE0R0ExVWREd0VCL3dRRUF3SUNwREFQCkJnTlZIUk1CQWY4RUJUQURBUUgvTUIwR0ExVWREZ1FXQkJTS0ZUMjRZdlpXd0pTYlVablV6OU1YdDZiMk1qQVYKQmdOVkhSRUVEakFNZ2dwcmRXSmxjbTVsZEdWek1BMEdDU3FHU0liM0RRRUJDd1VBQTRJQkFRQWVUL0lDalMxdQpwVzRvQkdkcVFMYnNka202OVJlcWZMZ3RnaFQ5bVYyZHVWcmlBaksvSVJpRWZVKy96a2pYWEgySDh0THRER0dlCmVieXY3bWc1UEFyd1Z6RXZjQW9hcUtCZEt0OEZLNm9iVmUrMmp3eXB5UnVXM05FSHE2MytmZWZwSnZnNFFCay8KSUFKK0dDbDdueVR0djZic1ZnVCtPZm5xZE13Rng4UzRQeTdNYU9wMHJ6dXc2R25Vd1ltckZzcEhIZUtSWXVXbgowckVuR3R5R0pJUmxEN1IvSEVUNWRqTUxTWUxabE1GTmMxUnZhUEZMK1pQOWx0dEM5cG1CZGhMM0dtQmRYQTRkCmk4bzBqczh2UnR2OFhmZjFTbXF2VGtXdHlBN3dXMDlsV0swRERKWTIwRFVDY1BMbURWTzNjd2ttMWRwckRvcmgKVGJFcVVkd05QMW9TCi0tLS0tRU5EIENFUlRJRklDQVRFLS0tLS0K\r\n  name: kubernetes\r\ncontexts:\r\n- context:\r\n    cluster: kubernetes\r\n    user: aws\r\n  name: aws\r\ncurrent-context: aws\r\nkind: Config\r\npreferences: {}\r\nusers:\r\n- name: aws\r\n  user:\r\n    exec:\r\n      apiVersion: client.authentication.k8s.io/v1beta1\r\n      command: aws-iam-authenticator\r\n      args:\r\n        - \"token\"\r\n        - \"-i\"\r\n        - \"tsp-cluster\"\r\n",
      "type": "string"
    }
  },
  "resources": [
    {
      "mode": "data",
      "type": "aws_availability_zones",
      "name": "available",
      "provider": "provider[\"registry.terraform.io/hashicorp/aws\"]",
      "instances": [
        {
          "schema_version": 0,
          "attributes": {
            "all_availability_zones": null,
            "exclude_names": null,
            "exclude_zone_ids": null,
            "filter": null,
            "group_names": [
              "ca-central-1-zg-1"
            ],
            "id": "ca-central-1",
            "names": [
              "ca-central-1a",
              "ca-central-1b",
              "ca-central-1d"
            ],
            "state": null,
            "timeouts": null,
            "zone_ids": [
              "cac1-az1",
              "cac1-az2",
              "cac1-az4"
            ]
          },
          "sensitive_attributes": [],
          "identity_schema_version": 0
        }
      ]
    },
    {
      "mode": "data",
      "type": "aws_iam_policy_document",
      "name": "worker_autoscaling",
      "provider": "provider[\"registry.terraform.io/hashicorp/aws\"]",
      "instances": [
        {
          "schema_version": 0,
          "attributes": {
            "id": "1684609703",
            "json": "{\n  \"Version\": \"2012-10-17\",\n  \"Statement\": [\n    {\n      \"Sid\": \"eksWorkerAutoscalingAll\",\n      \"Effect\": \"Allow\",\n      \"Action\": [\n        \"ec2:DescribeLaunchTemplateVersions\",\n        \"autoscaling:DescribeTags\",\n        \"autoscaling:DescribeLaunchConfigurations\",\n        \"autoscaling:DescribeAutoScalingInstances\",\n        \"autoscaling:DescribeAutoScalingGroups\"\n      ],\n      \"Resource\": \"*\"\n    },\n    {\n      \"Sid\": \"eksWorkerAutoscalingOwn\",\n      \"Effect\": \"Allow\",\n      \"Action\": [\n        \"autoscaling:UpdateAutoScalingGroup\",\n        \"autoscaling:TerminateInstanceInAutoScalingGroup\",\n        \"autoscaling:SetDesiredCapacity\"\n      ],\n      \"Resource\": \"*\",\n      \"Condition\": {\n        \"StringEquals\": {\n          \"autoscaling:ResourceTag/k8s.io/cluster-autoscaler/enabled\": \"true\",\n          \"autoscaling:ResourceTag/kubernetes.io/cluster/tsp-cluster\": \"owned\"\n        }\n      }\n    }\n  ]\n}",
            "minified_json": "{\"Version\":\"2012-10-17\",\"Statement\":[{\"Sid\":\"eksWorkerAutoscalingAll\",\"Effect\":\"Allow\",\"Action\":[\"ec2:DescribeLaunchTemplateVersions\",\"autoscaling:DescribeTags\",\"autoscaling:DescribeLaunchConfigurations\",\"autoscaling:DescribeAutoScalingInstances\",\"autoscaling:DescribeAutoScalingGroups\"],\"Resource\":\"*\"},{\"Sid\":\"eksWorkerAutoscalingOwn\",\"Effect\":\"Allow\",\"Action\":[\"autoscaling:UpdateAutoScalingGroup\",\"autoscaling:TerminateInstanceInAutoScalingGroup\",\"autoscaling:SetDesiredCapacity\"],\"Resource\":\"*\",\"Condition\":{\"StringEquals\":{\"autoscaling:ResourceTag/k8s.io/cluster-autoscaler/enabled\":\"true\",\"autoscaling:ResourceTag/kubernetes.io/cluster/tsp-cluster\":\"owned\"}}}]}",
            "override_json": null,
            "override_policy_documents": null,
            "policy_id": null,
            "source_json": null,
            "source_policy_documents": null,
            "statement": [
              {
                "actions": [
                  "autoscaling:DescribeAutoScalingGroups",
                  "autoscaling:DescribeAutoScalingInstances",
                  "autoscaling:DescribeLaunchConfigurations",
                  "autoscaling:DescribeTags",
                  "ec2:DescribeLaunchTemplateVersions"
                ],
                "condition": [],
                "effect": "Allow",
                "not_actions": [],
                "not_principals": [],
                "not_resources": [],
                "principals": [],
                "resources": [
                  "*"
                ],
                "sid": "eksWorkerAutoscalingAll"
              },
              {
                "actions": [
                  "autoscaling:SetDesiredCapacity",
                  "autoscaling:TerminateInstanceInAutoScalingGroup",
                  "autoscaling:UpdateAutoScalingGroup"
                ],
                "condition": [
                  {
                    "test": "StringEquals",
                    "values": [
                      "owned"
                    ],
                    "variable": "autoscaling:ResourceTag/kubernetes.io/cluster/tsp-cluster"
                  },
                  {
                    "test": "StringEquals",
                    "values": [
                      "true"
                    ],
                    "variable": "autoscaling:ResourceTag/k8s.io/cluster-autoscaler/enabled"
                  }
                ],
                "effect": "Allow",
                "not_actions": [],
                "not_principals": [],
                "not_resources": [],
                "principals": [],
                "resources": [
                  "*"
                ],
                "sid": "eksWorkerAutoscalingOwn"
              }
            ],
            "version": "2012-10-17"
          },
          "sensitive_attributes": [],
          "identity_schema_version": 0
        }
      ]
    },
    {
      "mode": "data",
      "type": "aws_region",
      "name": "current",
      "provider": "provider[\"registry.terraform.io/hashicorp/aws\"]",
      "instances": [
        {
          "schema_version": 0,
          "attributes": {
            "description": "Canada (Central)",
            "endpoint": "ec2.ca-central-1.amazonaws.com",
            "id": "ca-central-1",
            "name": "ca-central-1"
          },
          "sensitive_attributes": [],
          "identity_schema_version": 0
        }
      ]
    },
    {
      "mode": "data",
      "type": "http",
      "name": "workstation-external-ip",
      "provider": "provider[\"registry.terraform.io/hashicorp/http\"]",
      "instances": [
        {
          "schema_version": 0,
          "attributes": {
            "body": "35.183.76.118\n",
            "ca_cert_pem": null,
            "client_cert_pem": null,
            "client_key_pem": null,
            "id": "http://ipv4.icanhazip.com",
            "insecure": null,
            "method": null,
            "request_body": null,
            "request_headers": null,
            "request_timeout_ms": null,
            "response_body": "35.183.76.118\n",
            "response_body_base64": "MzUuMTgzLjc2LjExOAo=",
            "response_headers": {
              "Access-Control-Allow-Methods": "GET",
              "Access-Control-Allow-Origin": "*",
              "Alt-Svc": "h3=\":443\"; ma=86400",
              "Cf-Ray": "95069e4f6f59a2f9-YUL",
              "Connection": "keep-alive",
              "Content-Length": "14",
              "Content-Type": "text/plain",
              "Date": "Mon, 16 Jun 2025 01:43:48 GMT",
              "Server": "cloudflare",
              "Set-Cookie": "__cf_bm=eL_CyULzObwDhQZr6v5f7ouHiKQsB3sUrfrXjNSsJoA-1750038228-1.0.1.1-x1qMID.q.StQe9OftrpFqcUuDwOfvomyrq7MR5tjV5ubvYsbPzAioGWIxxzqlj5XFHcGsI4HJWoz7bFh.72yUSMh4rAYFKwCWs267y.cTWI; path=/; expires=Mon, 16-Jun-25 02:13:48 GMT; domain=.icanhazip.com; HttpOnly",
              "Vary": "Accept-Encoding"
            },
            "retry": null,
            "status_code": 200,
            "url": "http://ipv4.icanhazip.com"
          },
          "sensitive_attributes": [],
          "identity_schema_version": 0
        }
      ]
    },
    {
      "mode": "managed",
      "type": "aws_eks_cluster",
      "name": "tsp-cluster",
      "provider": "provider[\"registry.terraform.io/hashicorp/aws\"]",
      "instances": [
        {
          "schema_version": 1,
          "attributes": {
            "access_config": [
              {
                "authentication_mode": "CONFIG_MAP",
                "bootstrap_cluster_creator_admin_permissions": true
              }
            ],
            "arn": "arn:aws:eks:ca-central-1:050752609092:cluster/tsp-cluster",
            "bootstrap_self_managed_addons": true,
            "certificate_authority": [
              {
                "data": "LS0tLS1CRUdJTiBDRVJUSUZJQ0FURS0tLS0tCk1JSURCVENDQWUyZ0F3SUJBZ0lJRUJyVFlVeWhGOUF3RFFZSktvWklodmNOQVFFTEJRQXdGVEVUTUJFR0ExVUUKQXhNS2EzVmlaWEp1WlhSbGN6QWVGdzB5TlRBMk1UWXdNVFF6TURCYUZ3MHpOVEEyTVRRd01UUTRNREJhTUJVeApFekFSQmdOVkJBTVRDbXQxWW1WeWJtVjBaWE13Z2dFaU1BMEdDU3FHU0liM0RRRUJBUVVBQTRJQkR3QXdnZ0VLCkFvSUJBUUNjTHducmJGK0ZCWmFRNHU5T1FmV3F4S2xNb3F6SWh0aDlGZ3N4aGZzNlNjR0s1dTZIUzI3RVdLWTUKZ3ZobFh0RXRtckllS2duL2xNZ2VBWTB4b3dWQWcyQkd3S2czQS9heEl1WGNrOW0rUGZ0cWpYR3N3djV0azVTTgpUcXB0R2dtNU05ZUJLYTNZamNubzJLNWdzVDl3TGpwWVhjWENiZWFvdVpHQlpJOEVRK3hsQm90Q2pSMkVRK0pTCjR1MmVPOGRJLzlMU2J4MlljOWNzKzB5QTBaZlNYMi9HTFhScGtBanNTZHdiWVl0MjlFbHVnSGhlZFQ4WldSWFIKb1RPOGlGNDJlQjk4VExKc09KTEg2MmljV1V5ZE1uWU1LeVhnK1lxM2lNaEc1a0pZV1pjeDJOaFRiS3ZoSWNTeQpvWW9HYkYwa1NnOENiY3FVaWVndVRRZ1NaNkM3QWdNQkFBR2pXVEJYTUE0R0ExVWREd0VCL3dRRUF3SUNwREFQCkJnTlZIUk1CQWY4RUJUQURBUUgvTUIwR0ExVWREZ1FXQkJTS0ZUMjRZdlpXd0pTYlVablV6OU1YdDZiMk1qQVYKQmdOVkhSRUVEakFNZ2dwcmRXSmxjbTVsZEdWek1BMEdDU3FHU0liM0RRRUJDd1VBQTRJQkFRQWVUL0lDalMxdQpwVzRvQkdkcVFMYnNka202OVJlcWZMZ3RnaFQ5bVYyZHVWcmlBaksvSVJpRWZVKy96a2pYWEgySDh0THRER0dlCmVieXY3bWc1UEFyd1Z6RXZjQW9hcUtCZEt0OEZLNm9iVmUrMmp3eXB5UnVXM05FSHE2MytmZWZwSnZnNFFCay8KSUFKK0dDbDdueVR0djZic1ZnVCtPZm5xZE13Rng4UzRQeTdNYU9wMHJ6dXc2R25Vd1ltckZzcEhIZUtSWXVXbgowckVuR3R5R0pJUmxEN1IvSEVUNWRqTUxTWUxabE1GTmMxUnZhUEZMK1pQOWx0dEM5cG1CZGhMM0dtQmRYQTRkCmk4bzBqczh2UnR2OFhmZjFTbXF2VGtXdHlBN3dXMDlsV0swRERKWTIwRFVDY1BMbURWTzNjd2ttMWRwckRvcmgKVGJFcVVkd05QMW9TCi0tLS0tRU5EIENFUlRJRklDQVRFLS0tLS0K"
              }
            ],
            "cluster_id": null,
            "compute_config": [],
            "created_at": "2025-06-16T01:44:06Z",
            "enabled_cluster_log_types": null,
            "encryption_config": [],
            "endpoint": "https://732C3CF22A4B85605009C011D7E3A92B.gr7.ca-central-1.eks.amazonaws.com",
            "force_update_version": null,
            "id": "tsp-cluster",
            "identity": [
              {
                "oidc": [
                  {
                    "issuer": "https://oidc.eks.ca-central-1.amazonaws.com/id/732C3CF22A4B85605009C011D7E3A92B"
                  }
                ]
              }
            ],
            "kubernetes_network_config": [
              {
                "elastic_load_balancing": [
                  {
                    "enabled": false
                  }
                ],
                "ip_family": "ipv4",
                "service_ipv4_cidr": "172.20.0.0/16",
                "service_ipv6_cidr": ""
              }
            ],
            "name": "tsp-cluster",
            "outpost_config": [],
            "platform_version": "eks.12",
            "remote_network_config": [],
            "role_arn": "arn:aws:iam::050752609092:role/tsp-cluster",
            "status": "ACTIVE",
            "storage_config": [],
            "tags": null,
            "tags_all": {},
            "timeouts": null,
            "upgrade_policy": [
              {
                "support_type": "EXTENDED"
              }
            ],
            "version": "1.32",
            "vpc_config": [
              {
                "cluster_security_group_id": "sg-0e5e02c3feb8524ec",
                "endpoint_private_access": false,
                "endpoint_public_access": true,
                "public_access_cidrs": [
                  "0.0.0.0/0"
                ],
                "security_group_ids": [
                  "sg-088e7f8a626321bb2"
                ],
                "subnet_ids": [
                  "subnet-009455eb1f7b98b39",
                  "subnet-01f2fa3cd2584ac11"
                ],
                "vpc_id": "vpc-0f2bb6404a5d4d6c6"
              }
            ],
            "zonal_shift_config": []
          },
          "sensitive_attributes": [],
          "identity_schema_version": 0,
          "private": "eyJlMmJmYjczMC1lY2FhLTExZTYtOGY4OC0zNDM2M2JjN2M0YzAiOnsiY3JlYXRlIjoxODAwMDAwMDAwMDAwLCJkZWxldGUiOjkwMDAwMDAwMDAwMCwidXBkYXRlIjozNjAwMDAwMDAwMDAwfSwic2NoZW1hX3ZlcnNpb24iOiIxIn0=",
          "dependencies": [
            "aws_iam_role.tsp-cluster",
            "aws_iam_role_policy_attachment.tsp-cluster-AmazonEKSClusterPolicy",
            "aws_iam_role_policy_attachment.tsp-cluster-AmazonEKSServicePolicy",
            "aws_security_group.tsp-cluster",
            "aws_subnet.tsp-vpc",
            "aws_vpc.tsp-vpc",
            "data.aws_availability_zones.available"
          ]
        }
      ]
    },
    {
      "mode": "managed",
      "type": "aws_eks_node_group",
      "name": "tsp-cluster-node-group",
      "provider": "provider[\"registry.terraform.io/hashicorp/aws\"]",
      "instances": [
        {
          "schema_version": 0,
          "attributes": {
            "ami_type": "AL2023_x86_64_STANDARD",
            "arn": "arn:aws:eks:ca-central-1:050752609092:nodegroup/tsp-cluster/tsp-cluster-node-group/78cbbb36-ce43-de84-18f9-474c93addbf4",
            "capacity_type": "ON_DEMAND",
            "cluster_name": "tsp-cluster",
            "disk_size": 20,
            "force_update_version": null,
            "id": "tsp-cluster:tsp-cluster-node-group",
            "instance_types": [
              "t2.medium"
            ],
            "labels": null,
            "launch_template": [],
            "node_group_name": "tsp-cluster-node-group",
            "node_group_name_prefix": "",
            "node_repair_config": [],
            "node_role_arn": "arn:aws:iam::050752609092:role/tsp-cluster-node",
            "release_version": "1.32.3-20250610",
            "remote_access": [
              {
                "ec2_ssh_key": "tspcloud",
                "source_security_group_ids": null
              }
            ],
            "resources": [
              {
                "autoscaling_groups": [
                  {
                    "name": "eks-tsp-cluster-node-group-78cbbb36-ce43-de84-18f9-474c93addbf4"
                  }
                ],
                "remote_access_security_group_id": "sg-069e4ab80c2d869de"
              }
            ],
            "scaling_config": [
              {
                "desired_size": 2,
                "max_size": 10,
                "min_size": 2
              }
            ],
            "status": "ACTIVE",
            "subnet_ids": [
              "subnet-009455eb1f7b98b39",
              "subnet-01f2fa3cd2584ac11"
            ],
            "tags": null,
            "tags_all": {},
            "taint": [],
            "timeouts": null,
            "update_config": [
              {
                "max_unavailable": 1,
                "max_unavailable_percentage": 0
              }
            ],
            "version": "1.32"
          },
          "sensitive_attributes": [],
          "identity_schema_version": 0,
          "private": "eyJlMmJmYjczMC1lY2FhLTExZTYtOGY4OC0zNDM2M2JjN2M0YzAiOnsiY3JlYXRlIjozNjAwMDAwMDAwMDAwLCJkZWxldGUiOjM2MDAwMDAwMDAwMDAsInVwZGF0ZSI6MzYwMDAwMDAwMDAwMH19",
          "dependencies": [
            "aws_eks_cluster.tsp-cluster",
            "aws_iam_policy.worker_autoscaling",
            "aws_iam_role.tsp-cluster",
            "aws_iam_role.tsp-cluster-node",
            "aws_iam_role_policy_attachment.tsp-cluster-AmazonEKSClusterPolicy",
            "aws_iam_role_policy_attachment.tsp-cluster-AmazonEKSServicePolicy",
            "aws_iam_role_policy_attachment.tsp-cluster-node-AmazonEC2ContainerRegistryReadOnly",
            "aws_iam_role_policy_attachment.tsp-cluster-node-AmazonEKSWorkerNodePolicy",
            "aws_iam_role_policy_attachment.tsp-cluster-node-AmazonEKS_CNI_Policy",
            "aws_iam_role_policy_attachment.workers_autoscaling",
            "aws_security_group.tsp-cluster",
            "aws_subnet.tsp-vpc",
            "aws_vpc.tsp-vpc",
            "data.aws_availability_zones.available",
            "data.aws_iam_policy_document.worker_autoscaling"
          ]
        }
      ]
    },
    {
      "mode": "managed",
      "type": "aws_iam_policy",
      "name": "worker_autoscaling",
      "provider": "provider[\"registry.terraform.io/hashicorp/aws\"]",
      "instances": [
        {
          "schema_version": 0,
          "attributes": {
            "arn": "arn:aws:iam::050752609092:policy/eks-worker-autoscaling-tsp-cluster20250616014944055900000007",
            "attachment_count": 0,
            "description": "EKS worker node autoscaling policy for cluster tsp-cluster",
            "id": "arn:aws:iam::050752609092:policy/eks-worker-autoscaling-tsp-cluster20250616014944055900000007",
            "name": "eks-worker-autoscaling-tsp-cluster20250616014944055900000007",
            "name_prefix": "eks-worker-autoscaling-tsp-cluster",
            "path": "/",
            "policy": "{\"Statement\":[{\"Action\":[\"ec2:DescribeLaunchTemplateVersions\",\"autoscaling:DescribeTags\",\"autoscaling:DescribeLaunchConfigurations\",\"autoscaling:DescribeAutoScalingInstances\",\"autoscaling:DescribeAutoScalingGroups\"],\"Effect\":\"Allow\",\"Resource\":\"*\",\"Sid\":\"eksWorkerAutoscalingAll\"},{\"Action\":[\"autoscaling:UpdateAutoScalingGroup\",\"autoscaling:TerminateInstanceInAutoScalingGroup\",\"autoscaling:SetDesiredCapacity\"],\"Condition\":{\"StringEquals\":{\"autoscaling:ResourceTag/k8s.io/cluster-autoscaler/enabled\":\"true\",\"autoscaling:ResourceTag/kubernetes.io/cluster/tsp-cluster\":\"owned\"}},\"Effect\":\"Allow\",\"Resource\":\"*\",\"Sid\":\"eksWorkerAutoscalingOwn\"}],\"Version\":\"2012-10-17\"}",
            "policy_id": "ANPAQXUIXLNCAS7KYTW7C",
            "tags": null,
            "tags_all": {}
          },
          "sensitive_attributes": [],
          "identity_schema_version": 0,
          "private": "bnVsbA==",
          "dependencies": [
            "aws_eks_cluster.tsp-cluster",
            "aws_iam_role.tsp-cluster",
            "aws_iam_role_policy_attachment.tsp-cluster-AmazonEKSClusterPolicy",
            "aws_iam_role_policy_attachment.tsp-cluster-AmazonEKSServicePolicy",
            "aws_security_group.tsp-cluster",
            "aws_subnet.tsp-vpc",
            "aws_vpc.tsp-vpc",
            "data.aws_availability_zones.available",
            "data.aws_iam_policy_document.worker_autoscaling"
          ]
        }
      ]
    },
    {
      "mode": "managed",
      "type": "aws_iam_role",
      "name": "tsp-cluster",
      "provider": "provider[\"registry.terraform.io/hashicorp/aws\"]",
      "instances": [
        {
          "schema_version": 0,
          "attributes": {
            "arn": "arn:aws:iam::050752609092:role/tsp-cluster",
            "assume_role_policy": "{\"Statement\":[{\"Action\":\"sts:AssumeRole\",\"Effect\":\"Allow\",\"Principal\":{\"Service\":\"eks.amazonaws.com\"}}],\"Version\":\"2012-10-17\"}",
            "create_date": "2025-06-16T01:43:52Z",
            "description": "",
            "force_detach_policies": false,
            "id": "tsp-cluster",
            "inline_policy": [],
            "managed_policy_arns": [],
            "max_session_duration": 3600,
            "name": "tsp-cluster",
            "name_prefix": "",
            "path": "/",
            "permissions_boundary": "",
            "tags": null,
            "tags_all": {},
            "unique_id": "AROAQXUIXLNCEUG7ZYOKZ"
          },
          "sensitive_attributes": [],
          "identity_schema_version": 0,
          "private": "bnVsbA=="
        }
      ]
    },
    {
      "mode": "managed",
      "type": "aws_iam_role",
      "name": "tsp-cluster-node",
      "provider": "provider[\"registry.terraform.io/hashicorp/aws\"]",
      "instances": [
        {
          "schema_version": 0,
          "attributes": {
            "arn": "arn:aws:iam::050752609092:role/tsp-cluster-node",
            "assume_role_policy": "{\"Statement\":[{\"Action\":\"sts:AssumeRole\",\"Effect\":\"Allow\",\"Principal\":{\"Service\":\"ec2.amazonaws.com\"}}],\"Version\":\"2012-10-17\"}",
            "create_date": "2025-06-16T01:43:52Z",
            "description": "",
            "force_detach_policies": false,
            "id": "tsp-cluster-node",
            "inline_policy": [],
            "managed_policy_arns": [],
            "max_session_duration": 3600,
            "name": "tsp-cluster-node",
            "name_prefix": "",
            "path": "/",
            "permissions_boundary": "",
            "tags": null,
            "tags_all": {},
            "unique_id": "AROAQXUIXLNCDHLXL5USL"
          },
          "sensitive_attributes": [],
          "identity_schema_version": 0,
          "private": "bnVsbA=="
        }
      ]
    },
    {
      "mode": "managed",
      "type": "aws_iam_role_policy_attachment",
      "name": "tsp-cluster-AmazonEKSClusterPolicy",
      "provider": "provider[\"registry.terraform.io/hashicorp/aws\"]",
      "instances": [
        {
          "schema_version": 0,
          "attributes": {
            "id": "tsp-cluster-20250616014352916500000005",
            "policy_arn": "arn:aws:iam::aws:policy/AmazonEKSClusterPolicy",
            "role": "tsp-cluster"
          },
          "sensitive_attributes": [],
          "identity_schema_version": 0,
          "private": "bnVsbA==",
          "dependencies": [
            "aws_iam_role.tsp-cluster"
          ]
        }
      ]
    },
    {
      "mode": "managed",
      "type": "aws_iam_role_policy_attachment",
      "name": "tsp-cluster-AmazonEKSServicePolicy",
      "provider": "provider[\"registry.terraform.io/hashicorp/aws\"]",
      "instances": [
        {
          "schema_version": 0,
          "attributes": {
            "id": "tsp-cluster-20250616014352900900000004",
            "policy_arn": "arn:aws:iam::aws:policy/AmazonEKSServicePolicy",
            "role": "tsp-cluster"
          },
          "sensitive_attributes": [],
          "identity_schema_version": 0,
          "private": "bnVsbA==",
          "dependencies": [
            "aws_iam_role.tsp-cluster"
          ]
        }
      ]
    },
    {
      "mode": "managed",
      "type": "aws_iam_role_policy_attachment",
      "name": "tsp-cluster-node-AmazonEC2ContainerRegistryReadOnly",
      "provider": "provider[\"registry.terraform.io/hashicorp/aws\"]",
      "instances": [
        {
          "schema_version": 0,
          "attributes": {
            "id": "tsp-cluster-node-20250616014352886200000003",
            "policy_arn": "arn:aws:iam::aws:policy/AmazonEC2ContainerRegistryReadOnly",
            "role": "tsp-cluster-node"
          },
          "sensitive_attributes": [],
          "identity_schema_version": 0,
          "private": "bnVsbA==",
          "dependencies": [
            "aws_iam_role.tsp-cluster-node"
          ]
        }
      ]
    },
    {
      "mode": "managed",
      "type": "aws_iam_role_policy_attachment",
      "name": "tsp-cluster-node-AmazonEKSWorkerNodePolicy",
      "provider": "provider[\"registry.terraform.io/hashicorp/aws\"]",
      "instances": [
        {
          "schema_version": 0,
          "attributes": {
            "id": "tsp-cluster-node-20250616014352835600000002",
            "policy_arn": "arn:aws:iam::aws:policy/AmazonEKSWorkerNodePolicy",
            "role": "tsp-cluster-node"
          },
          "sensitive_attributes": [],
          "identity_schema_version": 0,
          "private": "bnVsbA==",
          "dependencies": [
            "aws_iam_role.tsp-cluster-node"
          ]
        }
      ]
    },
    {
      "mode": "managed",
      "type": "aws_iam_role_policy_attachment",
      "name": "tsp-cluster-node-AmazonEKS_CNI_Policy",
      "provider": "provider[\"registry.terraform.io/hashicorp/aws\"]",
      "instances": [
        {
          "schema_version": 0,
          "attributes": {
            "id": "tsp-cluster-node-20250616014352835500000001",
            "policy_arn": "arn:aws:iam::aws:policy/AmazonEKS_CNI_Policy",
            "role": "tsp-cluster-node"
          },
          "sensitive_attributes": [],
          "identity_schema_version": 0,
          "private": "bnVsbA==",
          "dependencies": [
            "aws_iam_role.tsp-cluster-node"
          ]
        }
      ]
    },
    {
      "mode": "managed",
      "type": "aws_iam_role_policy_attachment",
      "name": "workers_autoscaling",
      "provider": "provider[\"registry.terraform.io/hashicorp/aws\"]",
      "instances": [
        {
          "schema_version": 0,
          "attributes": {
            "id": "tsp-cluster-node-20250616014944341000000008",
            "policy_arn": "arn:aws:iam::050752609092:policy/eks-worker-autoscaling-tsp-cluster20250616014944055900000007",
            "role": "tsp-cluster-node"
          },
          "sensitive_attributes": [],
          "identity_schema_version": 0,
          "private": "bnVsbA==",
          "dependencies": [
            "aws_eks_cluster.tsp-cluster",
            "aws_iam_policy.worker_autoscaling",
            "aws_iam_role.tsp-cluster",
            "aws_iam_role.tsp-cluster-node",
            "aws_iam_role_policy_attachment.tsp-cluster-AmazonEKSClusterPolicy",
            "aws_iam_role_policy_attachment.tsp-cluster-AmazonEKSServicePolicy",
            "aws_security_group.tsp-cluster",
            "aws_subnet.tsp-vpc",
            "aws_vpc.tsp-vpc",
            "data.aws_availability_zones.available",
            "data.aws_iam_policy_document.worker_autoscaling"
          ]
        }
      ]
    },
    {
      "mode": "managed",
      "type": "aws_internet_gateway",
      "name": "tsp-vpc",
      "provider": "provider[\"registry.terraform.io/hashicorp/aws\"]",
      "instances": [
        {
          "schema_version": 0,
          "attributes": {
            "arn": "arn:aws:ec2:ca-central-1:050752609092:internet-gateway/igw-0745a20c8b59bd7e0",
            "id": "igw-0745a20c8b59bd7e0",
            "owner_id": "050752609092",
            "tags": {
              "Name": "tsp-vpc"
            },
            "tags_all": {
              "Name": "tsp-vpc"
            },
            "timeouts": null,
            "vpc_id": "vpc-0f2bb6404a5d4d6c6"
          },
          "sensitive_attributes": [],
          "identity_schema_version": 0,
          "private": "eyJlMmJmYjczMC1lY2FhLTExZTYtOGY4OC0zNDM2M2JjN2M0YzAiOnsiY3JlYXRlIjoxMjAwMDAwMDAwMDAwLCJkZWxldGUiOjEyMDAwMDAwMDAwMDAsInVwZGF0ZSI6MTIwMDAwMDAwMDAwMH19",
          "dependencies": [
            "aws_vpc.tsp-vpc"
          ]
        }
      ]
    },
    {
      "mode": "managed",
      "type": "aws_route_table",
      "name": "tsp-vpc",
      "provider": "provider[\"registry.terraform.io/hashicorp/aws\"]",
      "instances": [
        {
          "schema_version": 0,
          "attributes": {
            "arn": "arn:aws:ec2:ca-central-1:050752609092:route-table/rtb-0e76763ad60c3922a",
            "id": "rtb-0e76763ad60c3922a",
            "owner_id": "050752609092",
            "propagating_vgws": [],
            "route": [
              {
                "carrier_gateway_id": "",
                "cidr_block": "0.0.0.0/0",
                "core_network_arn": "",
                "destination_prefix_list_id": "",
                "egress_only_gateway_id": "",
                "gateway_id": "igw-0745a20c8b59bd7e0",
                "ipv6_cidr_block": "",
                "local_gateway_id": "",
                "nat_gateway_id": "",
                "network_interface_id": "",
                "transit_gateway_id": "",
                "vpc_endpoint_id": "",
                "vpc_peering_connection_id": ""
              }
            ],
            "tags": null,
            "tags_all": {},
            "timeouts": null,
            "vpc_id": "vpc-0f2bb6404a5d4d6c6"
          },
          "sensitive_attributes": [],
          "identity_schema_version": 0,
          "private": "eyJlMmJmYjczMC1lY2FhLTExZTYtOGY4OC0zNDM2M2JjN2M0YzAiOnsiY3JlYXRlIjozMDAwMDAwMDAwMDAsImRlbGV0ZSI6MzAwMDAwMDAwMDAwLCJ1cGRhdGUiOjEyMDAwMDAwMDAwMH19",
          "dependencies": [
            "aws_internet_gateway.tsp-vpc",
            "aws_vpc.tsp-vpc"
          ]
        }
      ]
    },
    {
      "mode": "managed",
      "type": "aws_route_table_association",
      "name": "tsp-vpc",
      "provider": "provider[\"registry.terraform.io/hashicorp/aws\"]",
      "instances": [
        {
          "index_key": 0,
          "schema_version": 0,
          "attributes": {
            "gateway_id": "",
            "id": "rtbassoc-0d63b0c142c676c61",
            "route_table_id": "rtb-0e76763ad60c3922a",
            "subnet_id": "subnet-009455eb1f7b98b39",
            "timeouts": null
          },
          "sensitive_attributes": [],
          "identity_schema_version": 0,
          "private": "eyJlMmJmYjczMC1lY2FhLTExZTYtOGY4OC0zNDM2M2JjN2M0YzAiOnsiY3JlYXRlIjozMDAwMDAwMDAwMDAsImRlbGV0ZSI6MzAwMDAwMDAwMDAwLCJ1cGRhdGUiOjEyMDAwMDAwMDAwMH19",
          "dependencies": [
            "aws_internet_gateway.tsp-vpc",
            "aws_route_table.tsp-vpc",
            "aws_subnet.tsp-vpc",
            "aws_vpc.tsp-vpc",
            "data.aws_availability_zones.available"
          ]
        },
        {
          "index_key": 1,
          "schema_version": 0,
          "attributes": {
            "gateway_id": "",
            "id": "rtbassoc-0aea0456ac979ad05",
            "route_table_id": "rtb-0e76763ad60c3922a",
            "subnet_id": "subnet-01f2fa3cd2584ac11",
            "timeouts": null
          },
          "sensitive_attributes": [],
          "identity_schema_version": 0,
          "private": "eyJlMmJmYjczMC1lY2FhLTExZTYtOGY4OC0zNDM2M2JjN2M0YzAiOnsiY3JlYXRlIjozMDAwMDAwMDAwMDAsImRlbGV0ZSI6MzAwMDAwMDAwMDAwLCJ1cGRhdGUiOjEyMDAwMDAwMDAwMH19",
          "dependencies": [
            "aws_internet_gateway.tsp-vpc",
            "aws_route_table.tsp-vpc",
            "aws_subnet.tsp-vpc",
            "aws_vpc.tsp-vpc",
            "data.aws_availability_zones.available"
          ]
        }
      ]
    },
    {
      "mode": "managed",
      "type": "aws_security_group",
      "name": "tsp-cluster",
      "provider": "provider[\"registry.terraform.io/hashicorp/aws\"]",
      "instances": [
        {
          "schema_version": 1,
          "attributes": {
            "arn": "arn:aws:ec2:ca-central-1:050752609092:security-group/sg-088e7f8a626321bb2",
            "description": "Cluster communication with worker nodes",
            "egress": [
              {
                "cidr_blocks": [
                  "0.0.0.0/0"
                ],
                "description": "",
                "from_port": 0,
                "ipv6_cidr_blocks": [],
                "prefix_list_ids": [],
                "protocol": "-1",
                "security_groups": [],
                "self": false,
                "to_port": 0
              }
            ],
            "id": "sg-088e7f8a626321bb2",
            "ingress": [],
            "name": "tsp-cluster-sg",
            "name_prefix": "",
            "owner_id": "050752609092",
            "revoke_rules_on_delete": false,
            "tags": {
              "Name": "tsp-cluster"
            },
            "tags_all": {
              "Name": "tsp-cluster"
            },
            "timeouts": null,
            "vpc_id": "vpc-0f2bb6404a5d4d6c6"
          },
          "sensitive_attributes": [],
          "identity_schema_version": 0,
          "private": "eyJlMmJmYjczMC1lY2FhLTExZTYtOGY4OC0zNDM2M2JjN2M0YzAiOnsiY3JlYXRlIjo2MDAwMDAwMDAwMDAsImRlbGV0ZSI6OTAwMDAwMDAwMDAwfSwic2NoZW1hX3ZlcnNpb24iOiIxIn0=",
          "dependencies": [
            "aws_vpc.tsp-vpc"
          ]
        }
      ]
    },
    {
      "mode": "managed",
      "type": "aws_security_group_rule",
      "name": "tsp-cluster-ingress-workstation-https",
      "provider": "provider[\"registry.terraform.io/hashicorp/aws\"]",
      "instances": [
        {
          "schema_version": 2,
          "attributes": {
            "cidr_blocks": [
              "35.183.76.118/32"
            ],
            "description": "Allow workstation to communicate with the cluster API Server",
            "from_port": 443,
            "id": "sgrule-3985462824",
            "ipv6_cidr_blocks": null,
            "prefix_list_ids": null,
            "protocol": "tcp",
            "security_group_id": "sg-088e7f8a626321bb2",
            "security_group_rule_id": "sgr-0f93622fe81b9a375",
            "self": false,
            "source_security_group_id": null,
            "timeouts": null,
            "to_port": 443,
            "type": "ingress"
          },
          "sensitive_attributes": [],
          "identity_schema_version": 0,
          "private": "eyJlMmJmYjczMC1lY2FhLTExZTYtOGY4OC0zNDM2M2JjN2M0YzAiOnsiY3JlYXRlIjozMDAwMDAwMDAwMDB9LCJzY2hlbWFfdmVyc2lvbiI6IjIifQ==",
          "dependencies": [
            "aws_security_group.tsp-cluster",
            "aws_vpc.tsp-vpc",
            "data.http.workstation-external-ip"
          ]
        }
      ]
    },
    {
      "mode": "managed",
      "type": "aws_subnet",
      "name": "tsp-vpc",
      "provider": "provider[\"registry.terraform.io/hashicorp/aws\"]",
      "instances": [
        {
          "index_key": 0,
          "schema_version": 1,
          "attributes": {
            "arn": "arn:aws:ec2:ca-central-1:050752609092:subnet/subnet-009455eb1f7b98b39",
            "assign_ipv6_address_on_creation": false,
            "availability_zone": "ca-central-1a",
            "availability_zone_id": "cac1-az1",
            "cidr_block": "10.0.0.0/24",
            "customer_owned_ipv4_pool": "",
            "enable_dns64": false,
            "enable_lni_at_device_index": 0,
            "enable_resource_name_dns_a_record_on_launch": false,
            "enable_resource_name_dns_aaaa_record_on_launch": false,
            "id": "subnet-009455eb1f7b98b39",
            "ipv6_cidr_block": "",
            "ipv6_cidr_block_association_id": "",
            "ipv6_native": false,
            "map_customer_owned_ip_on_launch": false,
            "map_public_ip_on_launch": true,
            "outpost_arn": "",
            "owner_id": "050752609092",
            "private_dns_hostname_type_on_launch": "ip-name",
            "tags": {
              "Name": "tsp-eks-node",
              "kubernetes.io/cluster/tsp-cluster": "shared"
            },
            "tags_all": {
              "Name": "tsp-eks-node",
              "kubernetes.io/cluster/tsp-cluster": "shared"
            },
            "timeouts": null,
            "vpc_id": "vpc-0f2bb6404a5d4d6c6"
          },
          "sensitive_attributes": [],
          "identity_schema_version": 0,
          "private": "eyJlMmJmYjczMC1lY2FhLTExZTYtOGY4OC0zNDM2M2JjN2M0YzAiOnsiY3JlYXRlIjo2MDAwMDAwMDAwMDAsImRlbGV0ZSI6MTIwMDAwMDAwMDAwMH0sInNjaGVtYV92ZXJzaW9uIjoiMSJ9",
          "dependencies": [
            "aws_vpc.tsp-vpc",
            "data.aws_availability_zones.available"
          ]
        },
        {
          "index_key": 1,
          "schema_version": 1,
          "attributes": {
            "arn": "arn:aws:ec2:ca-central-1:050752609092:subnet/subnet-01f2fa3cd2584ac11",
            "assign_ipv6_address_on_creation": false,
            "availability_zone": "ca-central-1b",
            "availability_zone_id": "cac1-az2",
            "cidr_block": "10.0.1.0/24",
            "customer_owned_ipv4_pool": "",
            "enable_dns64": false,
            "enable_lni_at_device_index": 0,
            "enable_resource_name_dns_a_record_on_launch": false,
            "enable_resource_name_dns_aaaa_record_on_launch": false,
            "id": "subnet-01f2fa3cd2584ac11",
            "ipv6_cidr_block": "",
            "ipv6_cidr_block_association_id": "",
            "ipv6_native": false,
            "map_customer_owned_ip_on_launch": false,
            "map_public_ip_on_launch": true,
            "outpost_arn": "",
            "owner_id": "050752609092",
            "private_dns_hostname_type_on_launch": "ip-name",
            "tags": {
              "Name": "tsp-eks-node",
              "kubernetes.io/cluster/tsp-cluster": "shared"
            },
            "tags_all": {
              "Name": "tsp-eks-node",
              "kubernetes.io/cluster/tsp-cluster": "shared"
            },
            "timeouts": null,
            "vpc_id": "vpc-0f2bb6404a5d4d6c6"
          },
          "sensitive_attributes": [],
          "identity_schema_version": 0,
          "private": "eyJlMmJmYjczMC1lY2FhLTExZTYtOGY4OC0zNDM2M2JjN2M0YzAiOnsiY3JlYXRlIjo2MDAwMDAwMDAwMDAsImRlbGV0ZSI6MTIwMDAwMDAwMDAwMH0sInNjaGVtYV92ZXJzaW9uIjoiMSJ9",
          "dependencies": [
            "aws_vpc.tsp-vpc",
            "data.aws_availability_zones.available"
          ]
        }
      ]
    },
    {
      "mode": "managed",
      "type": "aws_vpc",
      "name": "tsp-vpc",
      "provider": "provider[\"registry.terraform.io/hashicorp/aws\"]",
      "instances": [
        {
          "schema_version": 1,
          "attributes": {
            "arn": "arn:aws:ec2:ca-central-1:050752609092:vpc/vpc-0f2bb6404a5d4d6c6",
            "assign_generated_ipv6_cidr_block": false,
            "cidr_block": "10.0.0.0/16",
            "default_network_acl_id": "acl-0b55bdbf4584ac19b",
            "default_route_table_id": "rtb-0eebb6acd92cd0ad5",
            "default_security_group_id": "sg-0fd60e5d085c1517f",
            "dhcp_options_id": "dopt-0ad1fa413ba44bc18",
            "enable_dns_hostnames": false,
            "enable_dns_support": true,
            "enable_network_address_usage_metrics": false,
            "id": "vpc-0f2bb6404a5d4d6c6",
            "instance_tenancy": "default",
            "ipv4_ipam_pool_id": null,
            "ipv4_netmask_length": null,
            "ipv6_association_id": "",
            "ipv6_cidr_block": "",
            "ipv6_cidr_block_network_border_group": "",
            "ipv6_ipam_pool_id": "",
            "ipv6_netmask_length": 0,
            "main_route_table_id": "rtb-0eebb6acd92cd0ad5",
            "owner_id": "050752609092",
            "tags": {
              "Name": "tsp-eks-node",
              "kubernetes.io/cluster/tsp-cluster": "shared"
            },
            "tags_all": {
              "Name": "tsp-eks-node",
              "kubernetes.io/cluster/tsp-cluster": "shared"
            }
          },
          "sensitive_attributes": [],
          "identity_schema_version": 0,
          "private": "eyJzY2hlbWFfdmVyc2lvbiI6IjEifQ=="
        }
      ]
    }
  ],
  "check_results": null
}
